
Microsoft Visual Studio Solution File, Format Version 12.00
# Visual Studio Version 17
VisualStudioVersion = 17.4.33213.308
MinimumVisualStudioVersion = 10.0.40219.1
Project("{FAE04EC0-301F-11D3-BF4B-00C04F79EFBC}") = "BlazorServerApp", "BlazorServerApp\BlazorServerApp.csproj", "{EE733F47-48D4-4F3A-ADBA-7FE3ED1E3E91}"
EndProject
Global
	GlobalSection(SolutionConfigurationPlatforms) = preSolution
		Debug|Any CPU = Debug|Any CPU
		Release|Any CPU = Release|Any CPU
	EndGlobalSection
	GlobalSection(ProjectConfigurationPlatforms) = postSolution
		{EE733F47-48D4-4F3A-ADBA-7FE3ED1E3E91}.Debug|Any CPU.ActiveCfg = Debug|Any CPU
		{EE733F47-48D4-4F3A-ADBA-7FE3ED1E3E91}.Debug|Any CPU.Build.0 = Debug|Any CPU
		{EE733F47-48D4-4F3A-ADBA-7FE3ED1E3E91}.Release|Any CPU.ActiveCfg = Release|Any CPU
		{EE733F47-48D4-4F3A-ADBA-7FE3ED1E3E91}.Release|Any CPU.Build.0 = Release|Any CPU
	EndGlobalSection
	GlobalSection(SolutionProperties) = preSolution
		HideSolutionNode = FALSE
	EndGlobalSection
	GlobalSection(ExtensibilityGlobals) = postSolution
		SolutionGuid = {9239E656-52CE-4DF2-B737-5827C04298B9}
	EndGlobalSection
EndGlobal
