
Microsoft Visual Studio Solution File, Format Version 12.00
# Visual Studio Version 17
VisualStudioVersion = 17.4.33213.308
MinimumVisualStudioVersion = 10.0.40219.1
Project("{9A19103F-16F7-4668-BE54-9A1E7A4F7556}") = "Blazor WebAssembly App", "Blazor WebAssembly App.csproj", "{4F975C07-B8B4-42B2-A4A5-FD031E80A5A7}"
EndProject
Global
	GlobalSection(SolutionConfigurationPlatforms) = preSolution
		Debug|Any CPU = Debug|Any CPU
		Release|Any CPU = Release|Any CPU
	EndGlobalSection
	GlobalSection(ProjectConfigurationPlatforms) = postSolution
		{4F975C07-B8B4-42B2-A4A5-FD031E80A5A7}.Debug|Any CPU.ActiveCfg = Debug|Any CPU
		{4F975C07-B8B4-42B2-A4A5-FD031E80A5A7}.Debug|Any CPU.Build.0 = Debug|Any CPU
		{4F975C07-B8B4-42B2-A4A5-FD031E80A5A7}.Release|Any CPU.ActiveCfg = Release|Any CPU
		{4F975C07-B8B4-42B2-A4A5-FD031E80A5A7}.Release|Any CPU.Build.0 = Release|Any CPU
	EndGlobalSection
	GlobalSection(SolutionProperties) = preSolution
		HideSolutionNode = FALSE
	EndGlobalSection
	GlobalSection(ExtensibilityGlobals) = postSolution
		SolutionGuid = {99C25421-BD54-462F-A253-C919DB23BE92}
	EndGlobalSection
EndGlobal
