
Microsoft Visual Studio Solution File, Format Version 12.00
# Visual Studio Version 17
VisualStudioVersion = 17.4.33213.308
MinimumVisualStudioVersion = 10.0.40219.1
Project("{FAE04EC0-301F-11D3-BF4B-00C04F79EFBC}") = "Blazor WebAssembly App", "Blazor WebAssembly App\Blazor WebAssembly App.csproj", "{04459482-E44B-4826-8F08-85260D88476B}"
EndProject
Global
	GlobalSection(SolutionConfigurationPlatforms) = preSolution
		Debug|Any CPU = Debug|Any CPU
		Release|Any CPU = Release|Any CPU
	EndGlobalSection
	GlobalSection(ProjectConfigurationPlatforms) = postSolution
		{04459482-E44B-4826-8F08-85260D88476B}.Debug|Any CPU.ActiveCfg = Debug|Any CPU
		{04459482-E44B-4826-8F08-85260D88476B}.Debug|Any CPU.Build.0 = Debug|Any CPU
		{04459482-E44B-4826-8F08-85260D88476B}.Release|Any CPU.ActiveCfg = Release|Any CPU
		{04459482-E44B-4826-8F08-85260D88476B}.Release|Any CPU.Build.0 = Release|Any CPU
	EndGlobalSection
	GlobalSection(SolutionProperties) = preSolution
		HideSolutionNode = FALSE
	EndGlobalSection
	GlobalSection(ExtensibilityGlobals) = postSolution
		SolutionGuid = {940FB013-9B44-4DE8-A84E-C74EBFCEBCB9}
	EndGlobalSection
EndGlobal
