
Microsoft Visual Studio Solution File, Format Version 12.00
# Visual Studio Version 17
VisualStudioVersion = 17.4.33213.308
MinimumVisualStudioVersion = 10.0.40219.1
Project("{9A19103F-16F7-4668-BE54-9A1E7A4F7556}") = "BlazorApp", "BlazorApp.csproj", "{E2252C61-3A8B-4B5D-8DCB-13D37C01F031}"
EndProject
Project("{9A19103F-16F7-4668-BE54-9A1E7A4F7556}") = "ReuseComponents", "..\ReuseComponents\ReuseComponents.csproj", "{5CB94A26-CCE5-439E-8218-3AD470FEC8C1}"
EndProject
Global
	GlobalSection(SolutionConfigurationPlatforms) = preSolution
		Debug|Any CPU = Debug|Any CPU
		Release|Any CPU = Release|Any CPU
	EndGlobalSection
	GlobalSection(ProjectConfigurationPlatforms) = postSolution
		{E2252C61-3A8B-4B5D-8DCB-13D37C01F031}.Debug|Any CPU.ActiveCfg = Debug|Any CPU
		{E2252C61-3A8B-4B5D-8DCB-13D37C01F031}.Debug|Any CPU.Build.0 = Debug|Any CPU
		{E2252C61-3A8B-4B5D-8DCB-13D37C01F031}.Release|Any CPU.ActiveCfg = Release|Any CPU
		{E2252C61-3A8B-4B5D-8DCB-13D37C01F031}.Release|Any CPU.Build.0 = Release|Any CPU
		{5CB94A26-CCE5-439E-8218-3AD470FEC8C1}.Debug|Any CPU.ActiveCfg = Debug|Any CPU
		{5CB94A26-CCE5-439E-8218-3AD470FEC8C1}.Debug|Any CPU.Build.0 = Debug|Any CPU
		{5CB94A26-CCE5-439E-8218-3AD470FEC8C1}.Release|Any CPU.ActiveCfg = Release|Any CPU
		{5CB94A26-CCE5-439E-8218-3AD470FEC8C1}.Release|Any CPU.Build.0 = Release|Any CPU
	EndGlobalSection
	GlobalSection(SolutionProperties) = preSolution
		HideSolutionNode = FALSE
	EndGlobalSection
	GlobalSection(ExtensibilityGlobals) = postSolution
		SolutionGuid = {FEFF2E25-D9BC-4302-9DC0-390AAA90DCA9}
	EndGlobalSection
EndGlobal
