
Microsoft Visual Studio Solution File, Format Version 12.00
# Visual Studio Version 17
VisualStudioVersion = 17.4.33213.308
MinimumVisualStudioVersion = 10.0.40219.1
Project("{9A19103F-16F7-4668-BE54-9A1E7A4F7556}") = "Blazor WebAssembly App", "Blazor WebAssembly App.csproj", "{144DAADB-F27E-440B-A687-F391985C8C0B}"
EndProject
Global
	GlobalSection(SolutionConfigurationPlatforms) = preSolution
		Debug|Any CPU = Debug|Any CPU
		Release|Any CPU = Release|Any CPU
	EndGlobalSection
	GlobalSection(ProjectConfigurationPlatforms) = postSolution
		{144DAADB-F27E-440B-A687-F391985C8C0B}.Debug|Any CPU.ActiveCfg = Debug|Any CPU
		{144DAADB-F27E-440B-A687-F391985C8C0B}.Debug|Any CPU.Build.0 = Debug|Any CPU
		{144DAADB-F27E-440B-A687-F391985C8C0B}.Release|Any CPU.ActiveCfg = Release|Any CPU
		{144DAADB-F27E-440B-A687-F391985C8C0B}.Release|Any CPU.Build.0 = Release|Any CPU
	EndGlobalSection
	GlobalSection(SolutionProperties) = preSolution
		HideSolutionNode = FALSE
	EndGlobalSection
	GlobalSection(ExtensibilityGlobals) = postSolution
		SolutionGuid = {08053CDE-EE1A-44A1-A1BB-107764A994E9}
	EndGlobalSection
EndGlobal
