
Microsoft Visual Studio Solution File, Format Version 12.00
# Visual Studio Version 17
VisualStudioVersion = 17.4.33213.308
MinimumVisualStudioVersion = 10.0.40219.1
Project("{9A19103F-16F7-4668-BE54-9A1E7A4F7556}") = "BlazorApp", "BlazorApp.csproj", "{A090E5A9-867A-4C2C-B40A-A4F7D470E857}"
EndProject
Global
	GlobalSection(SolutionConfigurationPlatforms) = preSolution
		Debug|Any CPU = Debug|Any CPU
		Release|Any CPU = Release|Any CPU
	EndGlobalSection
	GlobalSection(ProjectConfigurationPlatforms) = postSolution
		{A090E5A9-867A-4C2C-B40A-A4F7D470E857}.Debug|Any CPU.ActiveCfg = Debug|Any CPU
		{A090E5A9-867A-4C2C-B40A-A4F7D470E857}.Debug|Any CPU.Build.0 = Debug|Any CPU
		{A090E5A9-867A-4C2C-B40A-A4F7D470E857}.Release|Any CPU.ActiveCfg = Release|Any CPU
		{A090E5A9-867A-4C2C-B40A-A4F7D470E857}.Release|Any CPU.Build.0 = Release|Any CPU
	EndGlobalSection
	GlobalSection(SolutionProperties) = preSolution
		HideSolutionNode = FALSE
	EndGlobalSection
	GlobalSection(ExtensibilityGlobals) = postSolution
		SolutionGuid = {F7093844-BFF2-4417-A8BB-7BAADE893734}
	EndGlobalSection
EndGlobal
