
Microsoft Visual Studio Solution File, Format Version 12.00
# Visual Studio Version 17
VisualStudioVersion = 17.4.33213.308
MinimumVisualStudioVersion = 10.0.40219.1
Project("{9A19103F-16F7-4668-BE54-9A1E7A4F7556}") = "BlazorServerApp", "BlazorServerApp.csproj", "{C3019AE3-42BC-4734-8A14-4506099802EA}"
EndProject
Global
	GlobalSection(SolutionConfigurationPlatforms) = preSolution
		Debug|Any CPU = Debug|Any CPU
		Release|Any CPU = Release|Any CPU
	EndGlobalSection
	GlobalSection(ProjectConfigurationPlatforms) = postSolution
		{C3019AE3-42BC-4734-8A14-4506099802EA}.Debug|Any CPU.ActiveCfg = Debug|Any CPU
		{C3019AE3-42BC-4734-8A14-4506099802EA}.Debug|Any CPU.Build.0 = Debug|Any CPU
		{C3019AE3-42BC-4734-8A14-4506099802EA}.Release|Any CPU.ActiveCfg = Release|Any CPU
		{C3019AE3-42BC-4734-8A14-4506099802EA}.Release|Any CPU.Build.0 = Release|Any CPU
	EndGlobalSection
	GlobalSection(SolutionProperties) = preSolution
		HideSolutionNode = FALSE
	EndGlobalSection
	GlobalSection(ExtensibilityGlobals) = postSolution
		SolutionGuid = {72353B66-1C46-4ECC-9F48-99D6908C3587}
	EndGlobalSection
EndGlobal
