
Microsoft Visual Studio Solution File, Format Version 12.00
# Visual Studio Version 17
VisualStudioVersion = 17.4.33213.308
MinimumVisualStudioVersion = 10.0.40219.1
Project("{FAE04EC0-301F-11D3-BF4B-00C04F79EFBC}") = "BlazorServerApp", "BlazorServerApp\BlazorServerApp.csproj", "{27C1D1B7-55E1-4002-81A8-AE1332E40F02}"
EndProject
Global
	GlobalSection(SolutionConfigurationPlatforms) = preSolution
		Debug|Any CPU = Debug|Any CPU
		Release|Any CPU = Release|Any CPU
	EndGlobalSection
	GlobalSection(ProjectConfigurationPlatforms) = postSolution
		{27C1D1B7-55E1-4002-81A8-AE1332E40F02}.Debug|Any CPU.ActiveCfg = Debug|Any CPU
		{27C1D1B7-55E1-4002-81A8-AE1332E40F02}.Debug|Any CPU.Build.0 = Debug|Any CPU
		{27C1D1B7-55E1-4002-81A8-AE1332E40F02}.Release|Any CPU.ActiveCfg = Release|Any CPU
		{27C1D1B7-55E1-4002-81A8-AE1332E40F02}.Release|Any CPU.Build.0 = Release|Any CPU
	EndGlobalSection
	GlobalSection(SolutionProperties) = preSolution
		HideSolutionNode = FALSE
	EndGlobalSection
	GlobalSection(ExtensibilityGlobals) = postSolution
		SolutionGuid = {CA49E969-E3AA-47FC-9CC7-B47629596B0F}
	EndGlobalSection
EndGlobal
