
Microsoft Visual Studio Solution File, Format Version 12.00
# Visual Studio Version 17
VisualStudioVersion = 17.4.33213.308
MinimumVisualStudioVersion = 10.0.40219.1
Project("{FAE04EC0-301F-11D3-BF4B-00C04F79EFBC}") = "Edit_context_app", "Edit_context_app\Edit_context_app.csproj", "{7A58378B-063A-4036-B767-879C4E17BEBC}"
EndProject
Global
	GlobalSection(SolutionConfigurationPlatforms) = preSolution
		Debug|Any CPU = Debug|Any CPU
		Release|Any CPU = Release|Any CPU
	EndGlobalSection
	GlobalSection(ProjectConfigurationPlatforms) = postSolution
		{7A58378B-063A-4036-B767-879C4E17BEBC}.Debug|Any CPU.ActiveCfg = Debug|Any CPU
		{7A58378B-063A-4036-B767-879C4E17BEBC}.Debug|Any CPU.Build.0 = Debug|Any CPU
		{7A58378B-063A-4036-B767-879C4E17BEBC}.Release|Any CPU.ActiveCfg = Release|Any CPU
		{7A58378B-063A-4036-B767-879C4E17BEBC}.Release|Any CPU.Build.0 = Release|Any CPU
	EndGlobalSection
	GlobalSection(SolutionProperties) = preSolution
		HideSolutionNode = FALSE
	EndGlobalSection
	GlobalSection(ExtensibilityGlobals) = postSolution
		SolutionGuid = {59863346-79C3-4175-971C-D8C136B37C58}
	EndGlobalSection
EndGlobal
