
Microsoft Visual Studio Solution File, Format Version 12.00
# Visual Studio Version 17
VisualStudioVersion = 17.4.33213.308
MinimumVisualStudioVersion = 10.0.40219.1
Project("{FAE04EC0-301F-11D3-BF4B-00C04F79EFBC}") = "Blazor Server App", "Blazor Server App\Blazor Server App.csproj", "{753909C0-7C7A-48FD-B636-B63E1CD40A73}"
EndProject
Global
	GlobalSection(SolutionConfigurationPlatforms) = preSolution
		Debug|Any CPU = Debug|Any CPU
		Release|Any CPU = Release|Any CPU
	EndGlobalSection
	GlobalSection(ProjectConfigurationPlatforms) = postSolution
		{753909C0-7C7A-48FD-B636-B63E1CD40A73}.Debug|Any CPU.ActiveCfg = Debug|Any CPU
		{753909C0-7C7A-48FD-B636-B63E1CD40A73}.Debug|Any CPU.Build.0 = Debug|Any CPU
		{753909C0-7C7A-48FD-B636-B63E1CD40A73}.Release|Any CPU.ActiveCfg = Release|Any CPU
		{753909C0-7C7A-48FD-B636-B63E1CD40A73}.Release|Any CPU.Build.0 = Release|Any CPU
	EndGlobalSection
	GlobalSection(SolutionProperties) = preSolution
		HideSolutionNode = FALSE
	EndGlobalSection
	GlobalSection(ExtensibilityGlobals) = postSolution
		SolutionGuid = {65009565-D32C-4E34-92C9-DA31FC8ADCF2}
	EndGlobalSection
EndGlobal
