
Microsoft Visual Studio Solution File, Format Version 12.00
# Visual Studio Version 17
VisualStudioVersion = 17.4.33213.308
MinimumVisualStudioVersion = 10.0.40219.1
Project("{9A19103F-16F7-4668-BE54-9A1E7A4F7556}") = "Blazor Server App", "Blazor Server App.csproj", "{AB53DC5E-A2A6-4CA7-B633-B2A4D8E88699}"
EndProject
Global
	GlobalSection(SolutionConfigurationPlatforms) = preSolution
		Debug|Any CPU = Debug|Any CPU
		Release|Any CPU = Release|Any CPU
	EndGlobalSection
	GlobalSection(ProjectConfigurationPlatforms) = postSolution
		{AB53DC5E-A2A6-4CA7-B633-B2A4D8E88699}.Debug|Any CPU.ActiveCfg = Debug|Any CPU
		{AB53DC5E-A2A6-4CA7-B633-B2A4D8E88699}.Debug|Any CPU.Build.0 = Debug|Any CPU
		{AB53DC5E-A2A6-4CA7-B633-B2A4D8E88699}.Release|Any CPU.ActiveCfg = Release|Any CPU
		{AB53DC5E-A2A6-4CA7-B633-B2A4D8E88699}.Release|Any CPU.Build.0 = Release|Any CPU
	EndGlobalSection
	GlobalSection(SolutionProperties) = preSolution
		HideSolutionNode = FALSE
	EndGlobalSection
	GlobalSection(ExtensibilityGlobals) = postSolution
		SolutionGuid = {B98A6A6D-9EBA-4C48-8217-4E986AF6FD3F}
	EndGlobalSection
EndGlobal
