
Microsoft Visual Studio Solution File, Format Version 12.00
# Visual Studio Version 17
VisualStudioVersion = 17.4.33213.308
MinimumVisualStudioVersion = 10.0.40219.1
Project("{FAE04EC0-301F-11D3-BF4B-00C04F79EFBC}") = "Blazor WebAssembly PWA", "Blazor WebAssembly PWA\Blazor WebAssembly PWA.csproj", "{7D7E0196-BD1A-462F-9C6A-CBE256DD6936}"
EndProject
Global
	GlobalSection(SolutionConfigurationPlatforms) = preSolution
		Debug|Any CPU = Debug|Any CPU
		Release|Any CPU = Release|Any CPU
	EndGlobalSection
	GlobalSection(ProjectConfigurationPlatforms) = postSolution
		{7D7E0196-BD1A-462F-9C6A-CBE256DD6936}.Debug|Any CPU.ActiveCfg = Debug|Any CPU
		{7D7E0196-BD1A-462F-9C6A-CBE256DD6936}.Debug|Any CPU.Build.0 = Debug|Any CPU
		{7D7E0196-BD1A-462F-9C6A-CBE256DD6936}.Release|Any CPU.ActiveCfg = Release|Any CPU
		{7D7E0196-BD1A-462F-9C6A-CBE256DD6936}.Release|Any CPU.Build.0 = Release|Any CPU
	EndGlobalSection
	GlobalSection(SolutionProperties) = preSolution
		HideSolutionNode = FALSE
	EndGlobalSection
	GlobalSection(ExtensibilityGlobals) = postSolution
		SolutionGuid = {C0A19187-A529-4A12-9C1B-79118E15877A}
	EndGlobalSection
EndGlobal
