
Microsoft Visual Studio Solution File, Format Version 12.00
# Visual Studio Version 17
VisualStudioVersion = 17.4.33213.308
MinimumVisualStudioVersion = 10.0.40219.1
Project("{9A19103F-16F7-4668-BE54-9A1E7A4F7556}") = "Blazor WebAssembly App", "Blazor WebAssembly App.csproj", "{2DCC25F0-E411-445F-BBE0-9B75966B4250}"
EndProject
Global
	GlobalSection(SolutionConfigurationPlatforms) = preSolution
		Debug|Any CPU = Debug|Any CPU
		Release|Any CPU = Release|Any CPU
	EndGlobalSection
	GlobalSection(ProjectConfigurationPlatforms) = postSolution
		{2DCC25F0-E411-445F-BBE0-9B75966B4250}.Debug|Any CPU.ActiveCfg = Debug|Any CPU
		{2DCC25F0-E411-445F-BBE0-9B75966B4250}.Debug|Any CPU.Build.0 = Debug|Any CPU
		{2DCC25F0-E411-445F-BBE0-9B75966B4250}.Release|Any CPU.ActiveCfg = Release|Any CPU
		{2DCC25F0-E411-445F-BBE0-9B75966B4250}.Release|Any CPU.Build.0 = Release|Any CPU
	EndGlobalSection
	GlobalSection(SolutionProperties) = preSolution
		HideSolutionNode = FALSE
	EndGlobalSection
	GlobalSection(ExtensibilityGlobals) = postSolution
		SolutionGuid = {95EFCE0C-1267-4246-A6B6-A360960E4562}
	EndGlobalSection
EndGlobal
