
Microsoft Visual Studio Solution File, Format Version 12.00
# Visual Studio Version 17
VisualStudioVersion = 17.4.33213.308
MinimumVisualStudioVersion = 10.0.40219.1
Project("{FAE04EC0-301F-11D3-BF4B-00C04F79EFBC}") = "BlazorServerApp", "BlazorServerApp\BlazorServerApp.csproj", "{ABEBF609-1B8C-488F-98D8-0DA51184AAB8}"
EndProject
Global
	GlobalSection(SolutionConfigurationPlatforms) = preSolution
		Debug|Any CPU = Debug|Any CPU
		Release|Any CPU = Release|Any CPU
	EndGlobalSection
	GlobalSection(ProjectConfigurationPlatforms) = postSolution
		{ABEBF609-1B8C-488F-98D8-0DA51184AAB8}.Debug|Any CPU.ActiveCfg = Debug|Any CPU
		{ABEBF609-1B8C-488F-98D8-0DA51184AAB8}.Debug|Any CPU.Build.0 = Debug|Any CPU
		{ABEBF609-1B8C-488F-98D8-0DA51184AAB8}.Release|Any CPU.ActiveCfg = Release|Any CPU
		{ABEBF609-1B8C-488F-98D8-0DA51184AAB8}.Release|Any CPU.Build.0 = Release|Any CPU
	EndGlobalSection
	GlobalSection(SolutionProperties) = preSolution
		HideSolutionNode = FALSE
	EndGlobalSection
	GlobalSection(ExtensibilityGlobals) = postSolution
		SolutionGuid = {FAD5FE82-CBFA-4483-99AF-164C8545A010}
	EndGlobalSection
EndGlobal
