
Microsoft Visual Studio Solution File, Format Version 12.00
# Visual Studio Version 17
VisualStudioVersion = 17.4.33213.308
MinimumVisualStudioVersion = 10.0.40219.1
Project("{FAE04EC0-301F-11D3-BF4B-00C04F79EFBC}") = "Blazor Server App", "Blazor Server App\Blazor Server App.csproj", "{78C33D17-2DE6-4E25-A3B6-77B55602C07B}"
EndProject
Global
	GlobalSection(SolutionConfigurationPlatforms) = preSolution
		Debug|Any CPU = Debug|Any CPU
		Release|Any CPU = Release|Any CPU
	EndGlobalSection
	GlobalSection(ProjectConfigurationPlatforms) = postSolution
		{78C33D17-2DE6-4E25-A3B6-77B55602C07B}.Debug|Any CPU.ActiveCfg = Debug|Any CPU
		{78C33D17-2DE6-4E25-A3B6-77B55602C07B}.Debug|Any CPU.Build.0 = Debug|Any CPU
		{78C33D17-2DE6-4E25-A3B6-77B55602C07B}.Release|Any CPU.ActiveCfg = Release|Any CPU
		{78C33D17-2DE6-4E25-A3B6-77B55602C07B}.Release|Any CPU.Build.0 = Release|Any CPU
	EndGlobalSection
	GlobalSection(SolutionProperties) = preSolution
		HideSolutionNode = FALSE
	EndGlobalSection
	GlobalSection(ExtensibilityGlobals) = postSolution
		SolutionGuid = {C8B73602-B4AB-4206-B358-842D4482FCB1}
	EndGlobalSection
EndGlobal
