
Microsoft Visual Studio Solution File, Format Version 12.00
# Visual Studio Version 17
VisualStudioVersion = 17.4.33213.308
MinimumVisualStudioVersion = 10.0.40219.1
Project("{9A19103F-16F7-4668-BE54-9A1E7A4F7556}") = "BlazorServerApp", "BlazorServerApp.csproj", "{0FBC38CB-6B2D-43F7-9BAA-35606242C077}"
EndProject
Global
	GlobalSection(SolutionConfigurationPlatforms) = preSolution
		Debug|Any CPU = Debug|Any CPU
		Release|Any CPU = Release|Any CPU
	EndGlobalSection
	GlobalSection(ProjectConfigurationPlatforms) = postSolution
		{0FBC38CB-6B2D-43F7-9BAA-35606242C077}.Debug|Any CPU.ActiveCfg = Debug|Any CPU
		{0FBC38CB-6B2D-43F7-9BAA-35606242C077}.Debug|Any CPU.Build.0 = Debug|Any CPU
		{0FBC38CB-6B2D-43F7-9BAA-35606242C077}.Release|Any CPU.ActiveCfg = Release|Any CPU
		{0FBC38CB-6B2D-43F7-9BAA-35606242C077}.Release|Any CPU.Build.0 = Release|Any CPU
	EndGlobalSection
	GlobalSection(SolutionProperties) = preSolution
		HideSolutionNode = FALSE
	EndGlobalSection
	GlobalSection(ExtensibilityGlobals) = postSolution
		SolutionGuid = {4D0B4F32-B6E6-4DFD-A789-C365A22AF465}
	EndGlobalSection
EndGlobal
