
Microsoft Visual Studio Solution File, Format Version 12.00
# Visual Studio Version 17
VisualStudioVersion = 17.4.33213.308
MinimumVisualStudioVersion = 10.0.40219.1
Project("{9A19103F-16F7-4668-BE54-9A1E7A4F7556}") = "BlazorServerApp", "BlazorServerApp.csproj", "{17332B35-DA81-48AE-A790-EFD0CE9F4E24}"
EndProject
Global
	GlobalSection(SolutionConfigurationPlatforms) = preSolution
		Debug|Any CPU = Debug|Any CPU
		Release|Any CPU = Release|Any CPU
	EndGlobalSection
	GlobalSection(ProjectConfigurationPlatforms) = postSolution
		{17332B35-DA81-48AE-A790-EFD0CE9F4E24}.Debug|Any CPU.ActiveCfg = Debug|Any CPU
		{17332B35-DA81-48AE-A790-EFD0CE9F4E24}.Debug|Any CPU.Build.0 = Debug|Any CPU
		{17332B35-DA81-48AE-A790-EFD0CE9F4E24}.Release|Any CPU.ActiveCfg = Release|Any CPU
		{17332B35-DA81-48AE-A790-EFD0CE9F4E24}.Release|Any CPU.Build.0 = Release|Any CPU
	EndGlobalSection
	GlobalSection(SolutionProperties) = preSolution
		HideSolutionNode = FALSE
	EndGlobalSection
	GlobalSection(ExtensibilityGlobals) = postSolution
		SolutionGuid = {5FB7390F-1FE0-48A1-A005-D57CFC0F3521}
	EndGlobalSection
EndGlobal
