
Microsoft Visual Studio Solution File, Format Version 12.00
# Visual Studio Version 17
VisualStudioVersion = 17.4.33213.308
MinimumVisualStudioVersion = 10.0.40219.1
Project("{FAE04EC0-301F-11D3-BF4B-00C04F79EFBC}") = "BlazorServerApp", "BlazorServerApp\BlazorServerApp.csproj", "{2BE7E8D8-CDC1-4BF6-B3D0-87289423F76B}"
EndProject
Global
	GlobalSection(SolutionConfigurationPlatforms) = preSolution
		Debug|Any CPU = Debug|Any CPU
		Release|Any CPU = Release|Any CPU
	EndGlobalSection
	GlobalSection(ProjectConfigurationPlatforms) = postSolution
		{2BE7E8D8-CDC1-4BF6-B3D0-87289423F76B}.Debug|Any CPU.ActiveCfg = Debug|Any CPU
		{2BE7E8D8-CDC1-4BF6-B3D0-87289423F76B}.Debug|Any CPU.Build.0 = Debug|Any CPU
		{2BE7E8D8-CDC1-4BF6-B3D0-87289423F76B}.Release|Any CPU.ActiveCfg = Release|Any CPU
		{2BE7E8D8-CDC1-4BF6-B3D0-87289423F76B}.Release|Any CPU.Build.0 = Release|Any CPU
	EndGlobalSection
	GlobalSection(SolutionProperties) = preSolution
		HideSolutionNode = FALSE
	EndGlobalSection
	GlobalSection(ExtensibilityGlobals) = postSolution
		SolutionGuid = {8E0ECB5B-F878-4C2F-869A-E4F5EC3150AC}
	EndGlobalSection
EndGlobal
