
Microsoft Visual Studio Solution File, Format Version 12.00
# Visual Studio Version 17
VisualStudioVersion = 17.4.33213.308
MinimumVisualStudioVersion = 10.0.40219.1
Project("{FAE04EC0-301F-11D3-BF4B-00C04F79EFBC}") = "Custom_CSS_App", "Custom_CSS_App\Custom_CSS_App.csproj", "{AB7CBC5C-BEA8-429D-9EC7-A3D31F09813E}"
EndProject
Global
	GlobalSection(SolutionConfigurationPlatforms) = preSolution
		Debug|Any CPU = Debug|Any CPU
		Release|Any CPU = Release|Any CPU
	EndGlobalSection
	GlobalSection(ProjectConfigurationPlatforms) = postSolution
		{AB7CBC5C-BEA8-429D-9EC7-A3D31F09813E}.Debug|Any CPU.ActiveCfg = Debug|Any CPU
		{AB7CBC5C-BEA8-429D-9EC7-A3D31F09813E}.Debug|Any CPU.Build.0 = Debug|Any CPU
		{AB7CBC5C-BEA8-429D-9EC7-A3D31F09813E}.Release|Any CPU.ActiveCfg = Release|Any CPU
		{AB7CBC5C-BEA8-429D-9EC7-A3D31F09813E}.Release|Any CPU.Build.0 = Release|Any CPU
	EndGlobalSection
	GlobalSection(SolutionProperties) = preSolution
		HideSolutionNode = FALSE
	EndGlobalSection
	GlobalSection(ExtensibilityGlobals) = postSolution
		SolutionGuid = {A1802C9E-682A-40FC-AC36-0A0D82BF5C2C}
	EndGlobalSection
EndGlobal
