
Microsoft Visual Studio Solution File, Format Version 12.00
# Visual Studio Version 17
VisualStudioVersion = 17.4.33213.308
MinimumVisualStudioVersion = 10.0.40219.1
Project("{FAE04EC0-301F-11D3-BF4B-00C04F79EFBC}") = "BlazorServerApp", "BlazorServerApp\BlazorServerApp.csproj", "{63304851-C015-4D80-B4CB-6A4674281DA4}"
EndProject
Global
	GlobalSection(SolutionConfigurationPlatforms) = preSolution
		Debug|Any CPU = Debug|Any CPU
		Release|Any CPU = Release|Any CPU
	EndGlobalSection
	GlobalSection(ProjectConfigurationPlatforms) = postSolution
		{63304851-C015-4D80-B4CB-6A4674281DA4}.Debug|Any CPU.ActiveCfg = Debug|Any CPU
		{63304851-C015-4D80-B4CB-6A4674281DA4}.Debug|Any CPU.Build.0 = Debug|Any CPU
		{63304851-C015-4D80-B4CB-6A4674281DA4}.Release|Any CPU.ActiveCfg = Release|Any CPU
		{63304851-C015-4D80-B4CB-6A4674281DA4}.Release|Any CPU.Build.0 = Release|Any CPU
	EndGlobalSection
	GlobalSection(SolutionProperties) = preSolution
		HideSolutionNode = FALSE
	EndGlobalSection
	GlobalSection(ExtensibilityGlobals) = postSolution
		SolutionGuid = {C48D1497-0948-4D09-A0C6-562209772776}
	EndGlobalSection
EndGlobal
