
Microsoft Visual Studio Solution File, Format Version 12.00
# Visual Studio Version 17
VisualStudioVersion = 17.4.33213.308
MinimumVisualStudioVersion = 10.0.40219.1
Project("{FAE04EC0-301F-11D3-BF4B-00C04F79EFBC}") = "Blazor WebAssembly App", "Blazor WebAssembly App\Blazor WebAssembly App.csproj", "{3B74D204-9ECD-41D8-ABDA-A6BC3DE7B269}"
EndProject
Global
	GlobalSection(SolutionConfigurationPlatforms) = preSolution
		Debug|Any CPU = Debug|Any CPU
		Release|Any CPU = Release|Any CPU
	EndGlobalSection
	GlobalSection(ProjectConfigurationPlatforms) = postSolution
		{3B74D204-9ECD-41D8-ABDA-A6BC3DE7B269}.Debug|Any CPU.ActiveCfg = Debug|Any CPU
		{3B74D204-9ECD-41D8-ABDA-A6BC3DE7B269}.Debug|Any CPU.Build.0 = Debug|Any CPU
		{3B74D204-9ECD-41D8-ABDA-A6BC3DE7B269}.Release|Any CPU.ActiveCfg = Release|Any CPU
		{3B74D204-9ECD-41D8-ABDA-A6BC3DE7B269}.Release|Any CPU.Build.0 = Release|Any CPU
	EndGlobalSection
	GlobalSection(SolutionProperties) = preSolution
		HideSolutionNode = FALSE
	EndGlobalSection
	GlobalSection(ExtensibilityGlobals) = postSolution
		SolutionGuid = {6A612CCE-5FC5-4676-8697-21C533259E67}
	EndGlobalSection
EndGlobal
