
Microsoft Visual Studio Solution File, Format Version 12.00
# Visual Studio Version 17
VisualStudioVersion = 17.4.33213.308
MinimumVisualStudioVersion = 10.0.40219.1
Project("{FAE04EC0-301F-11D3-BF4B-00C04F79EFBC}") = "BlazorServerApp", "BlazorServerApp\BlazorServerApp.csproj", "{9E63C670-CB36-4B23-A25E-4677B4ED3612}"
EndProject
Global
	GlobalSection(SolutionConfigurationPlatforms) = preSolution
		Debug|Any CPU = Debug|Any CPU
		Release|Any CPU = Release|Any CPU
	EndGlobalSection
	GlobalSection(ProjectConfigurationPlatforms) = postSolution
		{9E63C670-CB36-4B23-A25E-4677B4ED3612}.Debug|Any CPU.ActiveCfg = Debug|Any CPU
		{9E63C670-CB36-4B23-A25E-4677B4ED3612}.Debug|Any CPU.Build.0 = Debug|Any CPU
		{9E63C670-CB36-4B23-A25E-4677B4ED3612}.Release|Any CPU.ActiveCfg = Release|Any CPU
		{9E63C670-CB36-4B23-A25E-4677B4ED3612}.Release|Any CPU.Build.0 = Release|Any CPU
	EndGlobalSection
	GlobalSection(SolutionProperties) = preSolution
		HideSolutionNode = FALSE
	EndGlobalSection
	GlobalSection(ExtensibilityGlobals) = postSolution
		SolutionGuid = {2278ACAE-3C02-4FFA-B860-B735C32EB97B}
	EndGlobalSection
EndGlobal
