
Microsoft Visual Studio Solution File, Format Version 12.00
# Visual Studio Version 17
VisualStudioVersion = 17.4.33213.308
MinimumVisualStudioVersion = 10.0.40219.1
Project("{9A19103F-16F7-4668-BE54-9A1E7A4F7556}") = "ASPNET Core Web App", "ASPNET Core Web App.csproj", "{08B62DD6-C96A-463C-8D04-3D6F8CCA3A24}"
EndProject
Project("{9A19103F-16F7-4668-BE54-9A1E7A4F7556}") = "BlazorApp", "..\BlazorApp\BlazorApp.csproj", "{7FDE317A-65B4-47F1-84C6-A8FCB6A9ED31}"
EndProject
Global
	GlobalSection(SolutionConfigurationPlatforms) = preSolution
		Debug|Any CPU = Debug|Any CPU
		Release|Any CPU = Release|Any CPU
	EndGlobalSection
	GlobalSection(ProjectConfigurationPlatforms) = postSolution
		{08B62DD6-C96A-463C-8D04-3D6F8CCA3A24}.Debug|Any CPU.ActiveCfg = Debug|Any CPU
		{08B62DD6-C96A-463C-8D04-3D6F8CCA3A24}.Debug|Any CPU.Build.0 = Debug|Any CPU
		{08B62DD6-C96A-463C-8D04-3D6F8CCA3A24}.Release|Any CPU.ActiveCfg = Release|Any CPU
		{08B62DD6-C96A-463C-8D04-3D6F8CCA3A24}.Release|Any CPU.Build.0 = Release|Any CPU
		{7FDE317A-65B4-47F1-84C6-A8FCB6A9ED31}.Debug|Any CPU.ActiveCfg = Debug|Any CPU
		{7FDE317A-65B4-47F1-84C6-A8FCB6A9ED31}.Debug|Any CPU.Build.0 = Debug|Any CPU
		{7FDE317A-65B4-47F1-84C6-A8FCB6A9ED31}.Release|Any CPU.ActiveCfg = Release|Any CPU
		{7FDE317A-65B4-47F1-84C6-A8FCB6A9ED31}.Release|Any CPU.Build.0 = Release|Any CPU
	EndGlobalSection
	GlobalSection(SolutionProperties) = preSolution
		HideSolutionNode = FALSE
	EndGlobalSection
	GlobalSection(ExtensibilityGlobals) = postSolution
		SolutionGuid = {AE113CE3-D1C1-48BD-8BD4-496658C8A8BC}
	EndGlobalSection
EndGlobal
