
Microsoft Visual Studio Solution File, Format Version 12.00
# Visual Studio Version 17
VisualStudioVersion = 17.4.33213.308
MinimumVisualStudioVersion = 10.0.40219.1
Project("{9A19103F-16F7-4668-BE54-9A1E7A4F7556}") = "BlazorApp", "BlazorApp.csproj", "{79FD478F-E1D1-4C42-B6C2-29DC47C8845F}"
EndProject
Global
	GlobalSection(SolutionConfigurationPlatforms) = preSolution
		Debug|Any CPU = Debug|Any CPU
		Release|Any CPU = Release|Any CPU
	EndGlobalSection
	GlobalSection(ProjectConfigurationPlatforms) = postSolution
		{79FD478F-E1D1-4C42-B6C2-29DC47C8845F}.Debug|Any CPU.ActiveCfg = Debug|Any CPU
		{79FD478F-E1D1-4C42-B6C2-29DC47C8845F}.Debug|Any CPU.Build.0 = Debug|Any CPU
		{79FD478F-E1D1-4C42-B6C2-29DC47C8845F}.Release|Any CPU.ActiveCfg = Release|Any CPU
		{79FD478F-E1D1-4C42-B6C2-29DC47C8845F}.Release|Any CPU.Build.0 = Release|Any CPU
	EndGlobalSection
	GlobalSection(SolutionProperties) = preSolution
		HideSolutionNode = FALSE
	EndGlobalSection
	GlobalSection(ExtensibilityGlobals) = postSolution
		SolutionGuid = {35E19962-1973-41CD-B370-D2B071555E71}
	EndGlobalSection
EndGlobal
