
Microsoft Visual Studio Solution File, Format Version 12.00
# Visual Studio Version 17
VisualStudioVersion = 17.4.33213.308
MinimumVisualStudioVersion = 10.0.40219.1
Project("{9A19103F-16F7-4668-BE54-9A1E7A4F7556}") = "Blazor WebAssembly App", "Blazor WebAssembly App.csproj", "{69A9EDC0-7229-455F-A189-C924C1EAF42C}"
EndProject
Global
	GlobalSection(SolutionConfigurationPlatforms) = preSolution
		Debug|Any CPU = Debug|Any CPU
		Release|Any CPU = Release|Any CPU
	EndGlobalSection
	GlobalSection(ProjectConfigurationPlatforms) = postSolution
		{69A9EDC0-7229-455F-A189-C924C1EAF42C}.Debug|Any CPU.ActiveCfg = Debug|Any CPU
		{69A9EDC0-7229-455F-A189-C924C1EAF42C}.Debug|Any CPU.Build.0 = Debug|Any CPU
		{69A9EDC0-7229-455F-A189-C924C1EAF42C}.Release|Any CPU.ActiveCfg = Release|Any CPU
		{69A9EDC0-7229-455F-A189-C924C1EAF42C}.Release|Any CPU.Build.0 = Release|Any CPU
	EndGlobalSection
	GlobalSection(SolutionProperties) = preSolution
		HideSolutionNode = FALSE
	EndGlobalSection
	GlobalSection(ExtensibilityGlobals) = postSolution
		SolutionGuid = {96BA0CD4-51BA-49C8-ABE6-D118B1E6C082}
	EndGlobalSection
EndGlobal
