
Microsoft Visual Studio Solution File, Format Version 12.00
# Visual Studio Version 17
VisualStudioVersion = 17.4.33213.308
MinimumVisualStudioVersion = 10.0.40219.1
Project("{9A19103F-16F7-4668-BE54-9A1E7A4F7556}") = "BlazorApp", "BlazorApp.csproj", "{02DE1B46-AA2B-4B21-9521-3BC3E4BD0E94}"
EndProject
Global
	GlobalSection(SolutionConfigurationPlatforms) = preSolution
		Debug|Any CPU = Debug|Any CPU
		Release|Any CPU = Release|Any CPU
	EndGlobalSection
	GlobalSection(ProjectConfigurationPlatforms) = postSolution
		{02DE1B46-AA2B-4B21-9521-3BC3E4BD0E94}.Debug|Any CPU.ActiveCfg = Debug|Any CPU
		{02DE1B46-AA2B-4B21-9521-3BC3E4BD0E94}.Debug|Any CPU.Build.0 = Debug|Any CPU
		{02DE1B46-AA2B-4B21-9521-3BC3E4BD0E94}.Release|Any CPU.ActiveCfg = Release|Any CPU
		{02DE1B46-AA2B-4B21-9521-3BC3E4BD0E94}.Release|Any CPU.Build.0 = Release|Any CPU
	EndGlobalSection
	GlobalSection(SolutionProperties) = preSolution
		HideSolutionNode = FALSE
	EndGlobalSection
	GlobalSection(ExtensibilityGlobals) = postSolution
		SolutionGuid = {546E3139-C970-4755-9594-0CA41A0AB53D}
	EndGlobalSection
EndGlobal
