
Microsoft Visual Studio Solution File, Format Version 12.00
# Visual Studio Version 17
VisualStudioVersion = 17.4.33213.308
MinimumVisualStudioVersion = 10.0.40219.1
Project("{FAE04EC0-301F-11D3-BF4B-00C04F79EFBC}") = "BlazorServerApp", "BlazorServerApp\BlazorServerApp.csproj", "{5E96EF3D-D0BF-459F-A45C-7DE2C28C47C1}"
EndProject
Global
	GlobalSection(SolutionConfigurationPlatforms) = preSolution
		Debug|Any CPU = Debug|Any CPU
		Release|Any CPU = Release|Any CPU
	EndGlobalSection
	GlobalSection(ProjectConfigurationPlatforms) = postSolution
		{5E96EF3D-D0BF-459F-A45C-7DE2C28C47C1}.Debug|Any CPU.ActiveCfg = Debug|Any CPU
		{5E96EF3D-D0BF-459F-A45C-7DE2C28C47C1}.Debug|Any CPU.Build.0 = Debug|Any CPU
		{5E96EF3D-D0BF-459F-A45C-7DE2C28C47C1}.Release|Any CPU.ActiveCfg = Release|Any CPU
		{5E96EF3D-D0BF-459F-A45C-7DE2C28C47C1}.Release|Any CPU.Build.0 = Release|Any CPU
	EndGlobalSection
	GlobalSection(SolutionProperties) = preSolution
		HideSolutionNode = FALSE
	EndGlobalSection
	GlobalSection(ExtensibilityGlobals) = postSolution
		SolutionGuid = {8EF23FD1-011A-46A1-8852-BABE2AE47C9E}
	EndGlobalSection
EndGlobal
