
Microsoft Visual Studio Solution File, Format Version 12.00
# Visual Studio Version 17
VisualStudioVersion = 17.4.33213.308
MinimumVisualStudioVersion = 10.0.40219.1
Project("{FAE04EC0-301F-11D3-BF4B-00C04F79EFBC}") = "Blazor Server App", "Blazor Server App\Blazor Server App.csproj", "{CF8C87ED-92C8-41CD-A492-51946F40CAA3}"
EndProject
Global
	GlobalSection(SolutionConfigurationPlatforms) = preSolution
		Debug|Any CPU = Debug|Any CPU
		Release|Any CPU = Release|Any CPU
	EndGlobalSection
	GlobalSection(ProjectConfigurationPlatforms) = postSolution
		{CF8C87ED-92C8-41CD-A492-51946F40CAA3}.Debug|Any CPU.ActiveCfg = Debug|Any CPU
		{CF8C87ED-92C8-41CD-A492-51946F40CAA3}.Debug|Any CPU.Build.0 = Debug|Any CPU
		{CF8C87ED-92C8-41CD-A492-51946F40CAA3}.Release|Any CPU.ActiveCfg = Release|Any CPU
		{CF8C87ED-92C8-41CD-A492-51946F40CAA3}.Release|Any CPU.Build.0 = Release|Any CPU
	EndGlobalSection
	GlobalSection(SolutionProperties) = preSolution
		HideSolutionNode = FALSE
	EndGlobalSection
	GlobalSection(ExtensibilityGlobals) = postSolution
		SolutionGuid = {A414B96B-787E-4ABD-8124-ED45F6B082C8}
	EndGlobalSection
EndGlobal
