
Microsoft Visual Studio Solution File, Format Version 12.00
# Visual Studio Version 17
VisualStudioVersion = 17.4.33213.308
MinimumVisualStudioVersion = 10.0.40219.1
Project("{9A19103F-16F7-4668-BE54-9A1E7A4F7556}") = "Blazor Server App", "Blazor Server App.csproj", "{69A779B1-7E7B-437E-8A9B-2820D7B3602C}"
EndProject
Global
	GlobalSection(SolutionConfigurationPlatforms) = preSolution
		Debug|Any CPU = Debug|Any CPU
		Release|Any CPU = Release|Any CPU
	EndGlobalSection
	GlobalSection(ProjectConfigurationPlatforms) = postSolution
		{69A779B1-7E7B-437E-8A9B-2820D7B3602C}.Debug|Any CPU.ActiveCfg = Debug|Any CPU
		{69A779B1-7E7B-437E-8A9B-2820D7B3602C}.Debug|Any CPU.Build.0 = Debug|Any CPU
		{69A779B1-7E7B-437E-8A9B-2820D7B3602C}.Release|Any CPU.ActiveCfg = Release|Any CPU
		{69A779B1-7E7B-437E-8A9B-2820D7B3602C}.Release|Any CPU.Build.0 = Release|Any CPU
	EndGlobalSection
	GlobalSection(SolutionProperties) = preSolution
		HideSolutionNode = FALSE
	EndGlobalSection
	GlobalSection(ExtensibilityGlobals) = postSolution
		SolutionGuid = {1765267C-1CDA-4ED8-9325-341BE2F4C266}
	EndGlobalSection
EndGlobal
