
Microsoft Visual Studio Solution File, Format Version 12.00
# Visual Studio Version 17
VisualStudioVersion = 17.4.33213.308
MinimumVisualStudioVersion = 10.0.40219.1
Project("{9A19103F-16F7-4668-BE54-9A1E7A4F7556}") = "Blazor WebAssembly App", "Blazor WebAssembly App.csproj", "{0BD01A7E-60C3-43A2-A08C-B7FEC0E25787}"
EndProject
Global
	GlobalSection(SolutionConfigurationPlatforms) = preSolution
		Debug|Any CPU = Debug|Any CPU
		Release|Any CPU = Release|Any CPU
	EndGlobalSection
	GlobalSection(ProjectConfigurationPlatforms) = postSolution
		{0BD01A7E-60C3-43A2-A08C-B7FEC0E25787}.Debug|Any CPU.ActiveCfg = Debug|Any CPU
		{0BD01A7E-60C3-43A2-A08C-B7FEC0E25787}.Debug|Any CPU.Build.0 = Debug|Any CPU
		{0BD01A7E-60C3-43A2-A08C-B7FEC0E25787}.Release|Any CPU.ActiveCfg = Release|Any CPU
		{0BD01A7E-60C3-43A2-A08C-B7FEC0E25787}.Release|Any CPU.Build.0 = Release|Any CPU
	EndGlobalSection
	GlobalSection(SolutionProperties) = preSolution
		HideSolutionNode = FALSE
	EndGlobalSection
	GlobalSection(ExtensibilityGlobals) = postSolution
		SolutionGuid = {B515A9DF-32B6-4F6C-BA2A-A67E34E66BF9}
	EndGlobalSection
EndGlobal
