
Microsoft Visual Studio Solution File, Format Version 12.00
# Visual Studio Version 17
VisualStudioVersion = 17.4.33213.308
MinimumVisualStudioVersion = 10.0.40219.1
Project("{9A19103F-16F7-4668-BE54-9A1E7A4F7556}") = "Blazor WebAssembly App", "Blazor WebAssembly App.csproj", "{79ED9BB3-6E13-4DF3-809D-930CDF36F364}"
EndProject
Global
	GlobalSection(SolutionConfigurationPlatforms) = preSolution
		Debug|Any CPU = Debug|Any CPU
		Release|Any CPU = Release|Any CPU
	EndGlobalSection
	GlobalSection(ProjectConfigurationPlatforms) = postSolution
		{79ED9BB3-6E13-4DF3-809D-930CDF36F364}.Debug|Any CPU.ActiveCfg = Debug|Any CPU
		{79ED9BB3-6E13-4DF3-809D-930CDF36F364}.Debug|Any CPU.Build.0 = Debug|Any CPU
		{79ED9BB3-6E13-4DF3-809D-930CDF36F364}.Release|Any CPU.ActiveCfg = Release|Any CPU
		{79ED9BB3-6E13-4DF3-809D-930CDF36F364}.Release|Any CPU.Build.0 = Release|Any CPU
	EndGlobalSection
	GlobalSection(SolutionProperties) = preSolution
		HideSolutionNode = FALSE
	EndGlobalSection
	GlobalSection(ExtensibilityGlobals) = postSolution
		SolutionGuid = {44F79972-5676-417D-9A1F-B54C0D85A6AF}
	EndGlobalSection
EndGlobal
