
Microsoft Visual Studio Solution File, Format Version 12.00
# Visual Studio Version 17
VisualStudioVersion = 17.4.33213.308
MinimumVisualStudioVersion = 10.0.40219.1
Project("{FAE04EC0-301F-11D3-BF4B-00C04F79EFBC}") = "Blazor WebAssembly App", "Blazor WebAssembly App\Blazor WebAssembly App.csproj", "{E750F922-EDBE-4080-9C1B-3996E1C52511}"
EndProject
Global
	GlobalSection(SolutionConfigurationPlatforms) = preSolution
		Debug|Any CPU = Debug|Any CPU
		Release|Any CPU = Release|Any CPU
	EndGlobalSection
	GlobalSection(ProjectConfigurationPlatforms) = postSolution
		{E750F922-EDBE-4080-9C1B-3996E1C52511}.Debug|Any CPU.ActiveCfg = Debug|Any CPU
		{E750F922-EDBE-4080-9C1B-3996E1C52511}.Debug|Any CPU.Build.0 = Debug|Any CPU
		{E750F922-EDBE-4080-9C1B-3996E1C52511}.Release|Any CPU.ActiveCfg = Release|Any CPU
		{E750F922-EDBE-4080-9C1B-3996E1C52511}.Release|Any CPU.Build.0 = Release|Any CPU
	EndGlobalSection
	GlobalSection(SolutionProperties) = preSolution
		HideSolutionNode = FALSE
	EndGlobalSection
	GlobalSection(ExtensibilityGlobals) = postSolution
		SolutionGuid = {89B1710C-16F9-468B-8AF1-066010AA0219}
	EndGlobalSection
EndGlobal
