
Microsoft Visual Studio Solution File, Format Version 12.00
# Visual Studio Version 17
VisualStudioVersion = 17.4.33213.308
MinimumVisualStudioVersion = 10.0.40219.1
Project("{FAE04EC0-301F-11D3-BF4B-00C04F79EFBC}") = "Validating Complex Model in Blazor", "Validating Complex Model in Blazor\Validating Complex Model in Blazor.csproj", "{B438BB0F-7261-4FC9-87E3-59490B5B8AD5}"
EndProject
Global
	GlobalSection(SolutionConfigurationPlatforms) = preSolution
		Debug|Any CPU = Debug|Any CPU
		Release|Any CPU = Release|Any CPU
	EndGlobalSection
	GlobalSection(ProjectConfigurationPlatforms) = postSolution
		{B438BB0F-7261-4FC9-87E3-59490B5B8AD5}.Debug|Any CPU.ActiveCfg = Debug|Any CPU
		{B438BB0F-7261-4FC9-87E3-59490B5B8AD5}.Debug|Any CPU.Build.0 = Debug|Any CPU
		{B438BB0F-7261-4FC9-87E3-59490B5B8AD5}.Release|Any CPU.ActiveCfg = Release|Any CPU
		{B438BB0F-7261-4FC9-87E3-59490B5B8AD5}.Release|Any CPU.Build.0 = Release|Any CPU
	EndGlobalSection
	GlobalSection(SolutionProperties) = preSolution
		HideSolutionNode = FALSE
	EndGlobalSection
	GlobalSection(ExtensibilityGlobals) = postSolution
		SolutionGuid = {EEF6BDA7-AD8B-405E-B7E2-A2EFD8144E1D}
	EndGlobalSection
EndGlobal
