
Microsoft Visual Studio Solution File, Format Version 12.00
# Visual Studio Version 17
VisualStudioVersion = 17.4.33213.308
MinimumVisualStudioVersion = 10.0.40219.1
Project("{FAE04EC0-301F-11D3-BF4B-00C04F79EFBC}") = "ASP .Net Core App", "ASP .Net Core App\ASP .Net Core App.csproj", "{D37FE224-F7C3-40AA-AEBE-671B21CEE134}"
EndProject
Project("{FAE04EC0-301F-11D3-BF4B-00C04F79EFBC}") = "BlazorApp", "BlazorApp\BlazorApp.csproj", "{7322D2FC-65FE-4B99-8B07-4C59F3B48197}"
EndProject
Global
	GlobalSection(SolutionConfigurationPlatforms) = preSolution
		Debug|Any CPU = Debug|Any CPU
		Release|Any CPU = Release|Any CPU
	EndGlobalSection
	GlobalSection(ProjectConfigurationPlatforms) = postSolution
		{D37FE224-F7C3-40AA-AEBE-671B21CEE134}.Debug|Any CPU.ActiveCfg = Debug|Any CPU
		{D37FE224-F7C3-40AA-AEBE-671B21CEE134}.Debug|Any CPU.Build.0 = Debug|Any CPU
		{D37FE224-F7C3-40AA-AEBE-671B21CEE134}.Release|Any CPU.ActiveCfg = Release|Any CPU
		{D37FE224-F7C3-40AA-AEBE-671B21CEE134}.Release|Any CPU.Build.0 = Release|Any CPU
		{7322D2FC-65FE-4B99-8B07-4C59F3B48197}.Debug|Any CPU.ActiveCfg = Debug|Any CPU
		{7322D2FC-65FE-4B99-8B07-4C59F3B48197}.Debug|Any CPU.Build.0 = Debug|Any CPU
		{7322D2FC-65FE-4B99-8B07-4C59F3B48197}.Release|Any CPU.ActiveCfg = Release|Any CPU
		{7322D2FC-65FE-4B99-8B07-4C59F3B48197}.Release|Any CPU.Build.0 = Release|Any CPU
	EndGlobalSection
	GlobalSection(SolutionProperties) = preSolution
		HideSolutionNode = FALSE
	EndGlobalSection
	GlobalSection(ExtensibilityGlobals) = postSolution
		SolutionGuid = {83BDC86D-23D0-4F39-A33B-70478C180EE6}
	EndGlobalSection
EndGlobal
