
Microsoft Visual Studio Solution File, Format Version 12.00
# Visual Studio Version 17
VisualStudioVersion = 17.4.33213.308
MinimumVisualStudioVersion = 10.0.40219.1
Project("{FAE04EC0-301F-11D3-BF4B-00C04F79EFBC}") = "ASP.Net_Core_App", "ASP.Net_Core_App\ASP.Net_Core_App.csproj", "{BA712A4C-A13A-434A-AB25-C6655684585D}"
EndProject
Project("{FAE04EC0-301F-11D3-BF4B-00C04F79EFBC}") = "BlazorApp", "BlazorApp\BlazorApp.csproj", "{1AAAAD21-97D7-465F-9A8C-256F65FF360D}"
EndProject
Global
	GlobalSection(SolutionConfigurationPlatforms) = preSolution
		Debug|Any CPU = Debug|Any CPU
		Release|Any CPU = Release|Any CPU
	EndGlobalSection
	GlobalSection(ProjectConfigurationPlatforms) = postSolution
		{BA712A4C-A13A-434A-AB25-C6655684585D}.Debug|Any CPU.ActiveCfg = Debug|Any CPU
		{BA712A4C-A13A-434A-AB25-C6655684585D}.Debug|Any CPU.Build.0 = Debug|Any CPU
		{BA712A4C-A13A-434A-AB25-C6655684585D}.Release|Any CPU.ActiveCfg = Release|Any CPU
		{BA712A4C-A13A-434A-AB25-C6655684585D}.Release|Any CPU.Build.0 = Release|Any CPU
		{1AAAAD21-97D7-465F-9A8C-256F65FF360D}.Debug|Any CPU.ActiveCfg = Debug|Any CPU
		{1AAAAD21-97D7-465F-9A8C-256F65FF360D}.Debug|Any CPU.Build.0 = Debug|Any CPU
		{1AAAAD21-97D7-465F-9A8C-256F65FF360D}.Release|Any CPU.ActiveCfg = Release|Any CPU
		{1AAAAD21-97D7-465F-9A8C-256F65FF360D}.Release|Any CPU.Build.0 = Release|Any CPU
	EndGlobalSection
	GlobalSection(SolutionProperties) = preSolution
		HideSolutionNode = FALSE
	EndGlobalSection
	GlobalSection(ExtensibilityGlobals) = postSolution
		SolutionGuid = {EA6C1A57-3217-4B62-8267-4D7769FF3183}
	EndGlobalSection
EndGlobal
