
Microsoft Visual Studio Solution File, Format Version 12.00
# Visual Studio Version 17
VisualStudioVersion = 17.4.33213.308
MinimumVisualStudioVersion = 10.0.40219.1
Project("{FAE04EC0-301F-11D3-BF4B-00C04F79EFBC}") = "BlazorServerApp", "BlazorServerApp\BlazorServerApp.csproj", "{8DB35B19-4D31-46C4-A33C-CA92933D541F}"
EndProject
Global
	GlobalSection(SolutionConfigurationPlatforms) = preSolution
		Debug|Any CPU = Debug|Any CPU
		Release|Any CPU = Release|Any CPU
	EndGlobalSection
	GlobalSection(ProjectConfigurationPlatforms) = postSolution
		{8DB35B19-4D31-46C4-A33C-CA92933D541F}.Debug|Any CPU.ActiveCfg = Debug|Any CPU
		{8DB35B19-4D31-46C4-A33C-CA92933D541F}.Debug|Any CPU.Build.0 = Debug|Any CPU
		{8DB35B19-4D31-46C4-A33C-CA92933D541F}.Release|Any CPU.ActiveCfg = Release|Any CPU
		{8DB35B19-4D31-46C4-A33C-CA92933D541F}.Release|Any CPU.Build.0 = Release|Any CPU
	EndGlobalSection
	GlobalSection(SolutionProperties) = preSolution
		HideSolutionNode = FALSE
	EndGlobalSection
	GlobalSection(ExtensibilityGlobals) = postSolution
		SolutionGuid = {E589685C-911F-41AD-823B-FA0BA4696D10}
	EndGlobalSection
EndGlobal
