
Microsoft Visual Studio Solution File, Format Version 12.00
# Visual Studio Version 17
VisualStudioVersion = 17.4.33213.308
MinimumVisualStudioVersion = 10.0.40219.1
Project("{9A19103F-16F7-4668-BE54-9A1E7A4F7556}") = "BlazorServerApp", "BlazorServerApp.csproj", "{39A2C1D0-A991-4C3F-A088-A0843E0DE338}"
EndProject
Global
	GlobalSection(SolutionConfigurationPlatforms) = preSolution
		Debug|Any CPU = Debug|Any CPU
		Release|Any CPU = Release|Any CPU
	EndGlobalSection
	GlobalSection(ProjectConfigurationPlatforms) = postSolution
		{39A2C1D0-A991-4C3F-A088-A0843E0DE338}.Debug|Any CPU.ActiveCfg = Debug|Any CPU
		{39A2C1D0-A991-4C3F-A088-A0843E0DE338}.Debug|Any CPU.Build.0 = Debug|Any CPU
		{39A2C1D0-A991-4C3F-A088-A0843E0DE338}.Release|Any CPU.ActiveCfg = Release|Any CPU
		{39A2C1D0-A991-4C3F-A088-A0843E0DE338}.Release|Any CPU.Build.0 = Release|Any CPU
	EndGlobalSection
	GlobalSection(SolutionProperties) = preSolution
		HideSolutionNode = FALSE
	EndGlobalSection
	GlobalSection(ExtensibilityGlobals) = postSolution
		SolutionGuid = {6CA208DA-3EEF-4FBA-A3AE-9B3EFC04B6AB}
	EndGlobalSection
EndGlobal
