
Microsoft Visual Studio Solution File, Format Version 12.00
# Visual Studio Version 17
VisualStudioVersion = 17.4.33213.308
MinimumVisualStudioVersion = 10.0.40219.1
Project("{FAE04EC0-301F-11D3-BF4B-00C04F79EFBC}") = "BlazorServerApp", "BlazorServerApp\BlazorServerApp.csproj", "{76D00722-1FD7-4296-998B-A2075A75EDEA}"
EndProject
Global
	GlobalSection(SolutionConfigurationPlatforms) = preSolution
		Debug|Any CPU = Debug|Any CPU
		Release|Any CPU = Release|Any CPU
	EndGlobalSection
	GlobalSection(ProjectConfigurationPlatforms) = postSolution
		{76D00722-1FD7-4296-998B-A2075A75EDEA}.Debug|Any CPU.ActiveCfg = Debug|Any CPU
		{76D00722-1FD7-4296-998B-A2075A75EDEA}.Debug|Any CPU.Build.0 = Debug|Any CPU
		{76D00722-1FD7-4296-998B-A2075A75EDEA}.Release|Any CPU.ActiveCfg = Release|Any CPU
		{76D00722-1FD7-4296-998B-A2075A75EDEA}.Release|Any CPU.Build.0 = Release|Any CPU
	EndGlobalSection
	GlobalSection(SolutionProperties) = preSolution
		HideSolutionNode = FALSE
	EndGlobalSection
	GlobalSection(ExtensibilityGlobals) = postSolution
		SolutionGuid = {FB813338-DDEC-44E2-9FA1-2E3B55F7F154}
	EndGlobalSection
EndGlobal
