
Microsoft Visual Studio Solution File, Format Version 12.00
# Visual Studio Version 17
VisualStudioVersion = 17.4.33213.308
MinimumVisualStudioVersion = 10.0.40219.1
Project("{9A19103F-16F7-4668-BE54-9A1E7A4F7556}") = "BlazorApp", "BlazorApp.csproj", "{31A1A1BB-0DC8-473D-B3E5-9D12A086C1A7}"
EndProject
Global
	GlobalSection(SolutionConfigurationPlatforms) = preSolution
		Debug|Any CPU = Debug|Any CPU
		Release|Any CPU = Release|Any CPU
	EndGlobalSection
	GlobalSection(ProjectConfigurationPlatforms) = postSolution
		{31A1A1BB-0DC8-473D-B3E5-9D12A086C1A7}.Debug|Any CPU.ActiveCfg = Debug|Any CPU
		{31A1A1BB-0DC8-473D-B3E5-9D12A086C1A7}.Debug|Any CPU.Build.0 = Debug|Any CPU
		{31A1A1BB-0DC8-473D-B3E5-9D12A086C1A7}.Release|Any CPU.ActiveCfg = Release|Any CPU
		{31A1A1BB-0DC8-473D-B3E5-9D12A086C1A7}.Release|Any CPU.Build.0 = Release|Any CPU
	EndGlobalSection
	GlobalSection(SolutionProperties) = preSolution
		HideSolutionNode = FALSE
	EndGlobalSection
	GlobalSection(ExtensibilityGlobals) = postSolution
		SolutionGuid = {BB1D4320-221F-4790-968E-3B18D82F986E}
	EndGlobalSection
EndGlobal
