
Microsoft Visual Studio Solution File, Format Version 12.00
# Visual Studio Version 17
VisualStudioVersion = 17.4.33213.308
MinimumVisualStudioVersion = 10.0.40219.1
Project("{9A19103F-16F7-4668-BE54-9A1E7A4F7556}") = "BlazorServerApp", "BlazorServerApp.csproj", "{05956D1C-A8A8-42A6-AD89-4C2CA38B7324}"
EndProject
Global
	GlobalSection(SolutionConfigurationPlatforms) = preSolution
		Debug|Any CPU = Debug|Any CPU
		Release|Any CPU = Release|Any CPU
	EndGlobalSection
	GlobalSection(ProjectConfigurationPlatforms) = postSolution
		{05956D1C-A8A8-42A6-AD89-4C2CA38B7324}.Debug|Any CPU.ActiveCfg = Debug|Any CPU
		{05956D1C-A8A8-42A6-AD89-4C2CA38B7324}.Debug|Any CPU.Build.0 = Debug|Any CPU
		{05956D1C-A8A8-42A6-AD89-4C2CA38B7324}.Release|Any CPU.ActiveCfg = Release|Any CPU
		{05956D1C-A8A8-42A6-AD89-4C2CA38B7324}.Release|Any CPU.Build.0 = Release|Any CPU
	EndGlobalSection
	GlobalSection(SolutionProperties) = preSolution
		HideSolutionNode = FALSE
	EndGlobalSection
	GlobalSection(ExtensibilityGlobals) = postSolution
		SolutionGuid = {E57CB11A-0E84-4428-93B5-BEB097D25FB7}
	EndGlobalSection
EndGlobal
