
Microsoft Visual Studio Solution File, Format Version 12.00
# Visual Studio Version 17
VisualStudioVersion = 17.4.33213.308
MinimumVisualStudioVersion = 10.0.40219.1
Project("{FAE04EC0-301F-11D3-BF4B-00C04F79EFBC}") = "Blazor_Server_App", "Blazor_Server_App\Blazor_Server_App.csproj", "{0C9B11B4-EC6E-45B0-B997-D35BCF4AB62B}"
EndProject
Global
	GlobalSection(SolutionConfigurationPlatforms) = preSolution
		Debug|Any CPU = Debug|Any CPU
		Release|Any CPU = Release|Any CPU
	EndGlobalSection
	GlobalSection(ProjectConfigurationPlatforms) = postSolution
		{0C9B11B4-EC6E-45B0-B997-D35BCF4AB62B}.Debug|Any CPU.ActiveCfg = Debug|Any CPU
		{0C9B11B4-EC6E-45B0-B997-D35BCF4AB62B}.Debug|Any CPU.Build.0 = Debug|Any CPU
		{0C9B11B4-EC6E-45B0-B997-D35BCF4AB62B}.Release|Any CPU.ActiveCfg = Release|Any CPU
		{0C9B11B4-EC6E-45B0-B997-D35BCF4AB62B}.Release|Any CPU.Build.0 = Release|Any CPU
	EndGlobalSection
	GlobalSection(SolutionProperties) = preSolution
		HideSolutionNode = FALSE
	EndGlobalSection
	GlobalSection(ExtensibilityGlobals) = postSolution
		SolutionGuid = {93422E6D-5B7A-4E71-BC48-1AF61A995A39}
	EndGlobalSection
EndGlobal
