
Microsoft Visual Studio Solution File, Format Version 12.00
# Visual Studio Version 17
VisualStudioVersion = 17.4.33213.308
MinimumVisualStudioVersion = 10.0.40219.1
Project("{9A19103F-16F7-4668-BE54-9A1E7A4F7556}") = "Add Custom CSS in Blazor", "Add Custom CSS in Blazor.csproj", "{9074F013-123D-4385-9889-6506CF202B83}"
EndProject
Global
	GlobalSection(SolutionConfigurationPlatforms) = preSolution
		Debug|Any CPU = Debug|Any CPU
		Release|Any CPU = Release|Any CPU
	EndGlobalSection
	GlobalSection(ProjectConfigurationPlatforms) = postSolution
		{9074F013-123D-4385-9889-6506CF202B83}.Debug|Any CPU.ActiveCfg = Debug|Any CPU
		{9074F013-123D-4385-9889-6506CF202B83}.Debug|Any CPU.Build.0 = Debug|Any CPU
		{9074F013-123D-4385-9889-6506CF202B83}.Release|Any CPU.ActiveCfg = Release|Any CPU
		{9074F013-123D-4385-9889-6506CF202B83}.Release|Any CPU.Build.0 = Release|Any CPU
	EndGlobalSection
	GlobalSection(SolutionProperties) = preSolution
		HideSolutionNode = FALSE
	EndGlobalSection
	GlobalSection(ExtensibilityGlobals) = postSolution
		SolutionGuid = {E4573CD6-EAAA-4D2B-A97B-4FE2C5C089BB}
	EndGlobalSection
EndGlobal
