
Microsoft Visual Studio Solution File, Format Version 12.00
# Visual Studio Version 17
VisualStudioVersion = 17.4.33213.308
MinimumVisualStudioVersion = 10.0.40219.1
Project("{FAE04EC0-301F-11D3-BF4B-00C04F79EFBC}") = "Add Custom CSS in Blazor", "Add Custom CSS in Blazor\Add Custom CSS in Blazor.csproj", "{70997125-6F44-40BB-A03B-93D9009740AF}"
EndProject
Global
	GlobalSection(SolutionConfigurationPlatforms) = preSolution
		Debug|Any CPU = Debug|Any CPU
		Release|Any CPU = Release|Any CPU
	EndGlobalSection
	GlobalSection(ProjectConfigurationPlatforms) = postSolution
		{70997125-6F44-40BB-A03B-93D9009740AF}.Debug|Any CPU.ActiveCfg = Debug|Any CPU
		{70997125-6F44-40BB-A03B-93D9009740AF}.Debug|Any CPU.Build.0 = Debug|Any CPU
		{70997125-6F44-40BB-A03B-93D9009740AF}.Release|Any CPU.ActiveCfg = Release|Any CPU
		{70997125-6F44-40BB-A03B-93D9009740AF}.Release|Any CPU.Build.0 = Release|Any CPU
	EndGlobalSection
	GlobalSection(SolutionProperties) = preSolution
		HideSolutionNode = FALSE
	EndGlobalSection
	GlobalSection(ExtensibilityGlobals) = postSolution
		SolutionGuid = {DC2E5DF0-E71E-43D0-8F42-6BF038AF2787}
	EndGlobalSection
EndGlobal
