
Microsoft Visual Studio Solution File, Format Version 12.00
# Visual Studio Version 17
VisualStudioVersion = 17.4.33213.308
MinimumVisualStudioVersion = 10.0.40219.1
Project("{FAE04EC0-301F-11D3-BF4B-00C04F79EFBC}") = "Blazor WebAssembly App", "Blazor WebAssembly App\Blazor WebAssembly App.csproj", "{08169164-3E2B-492C-A9B4-6122974BB2CA}"
EndProject
Global
	GlobalSection(SolutionConfigurationPlatforms) = preSolution
		Debug|Any CPU = Debug|Any CPU
		Release|Any CPU = Release|Any CPU
	EndGlobalSection
	GlobalSection(ProjectConfigurationPlatforms) = postSolution
		{08169164-3E2B-492C-A9B4-6122974BB2CA}.Debug|Any CPU.ActiveCfg = Debug|Any CPU
		{08169164-3E2B-492C-A9B4-6122974BB2CA}.Debug|Any CPU.Build.0 = Debug|Any CPU
		{08169164-3E2B-492C-A9B4-6122974BB2CA}.Release|Any CPU.ActiveCfg = Release|Any CPU
		{08169164-3E2B-492C-A9B4-6122974BB2CA}.Release|Any CPU.Build.0 = Release|Any CPU
	EndGlobalSection
	GlobalSection(SolutionProperties) = preSolution
		HideSolutionNode = FALSE
	EndGlobalSection
	GlobalSection(ExtensibilityGlobals) = postSolution
		SolutionGuid = {0D5F0F58-F5DE-4B84-A9C0-786994F3FBAC}
	EndGlobalSection
EndGlobal
