
Microsoft Visual Studio Solution File, Format Version 12.00
# Visual Studio Version 17
VisualStudioVersion = 17.4.33213.308
MinimumVisualStudioVersion = 10.0.40219.1
Project("{FAE04EC0-301F-11D3-BF4B-00C04F79EFBC}") = "Nested_complex_Model_App", "Nested_complex_Model_App\Nested_complex_Model_App.csproj", "{8ACE892D-B9BB-4E60-A03D-A1596801A7F1}"
EndProject
Global
	GlobalSection(SolutionConfigurationPlatforms) = preSolution
		Debug|Any CPU = Debug|Any CPU
		Release|Any CPU = Release|Any CPU
	EndGlobalSection
	GlobalSection(ProjectConfigurationPlatforms) = postSolution
		{8ACE892D-B9BB-4E60-A03D-A1596801A7F1}.Debug|Any CPU.ActiveCfg = Debug|Any CPU
		{8ACE892D-B9BB-4E60-A03D-A1596801A7F1}.Debug|Any CPU.Build.0 = Debug|Any CPU
		{8ACE892D-B9BB-4E60-A03D-A1596801A7F1}.Release|Any CPU.ActiveCfg = Release|Any CPU
		{8ACE892D-B9BB-4E60-A03D-A1596801A7F1}.Release|Any CPU.Build.0 = Release|Any CPU
	EndGlobalSection
	GlobalSection(SolutionProperties) = preSolution
		HideSolutionNode = FALSE
	EndGlobalSection
	GlobalSection(ExtensibilityGlobals) = postSolution
		SolutionGuid = {063B9FD2-4AF1-4647-8303-9F0D163546A7}
	EndGlobalSection
EndGlobal
