
Microsoft Visual Studio Solution File, Format Version 12.00
# Visual Studio Version 17
VisualStudioVersion = 17.4.33213.308
MinimumVisualStudioVersion = 10.0.40219.1
Project("{FAE04EC0-301F-11D3-BF4B-00C04F79EFBC}") = "Validation without DataAnnotation", "Validation without DataAnnotation\Validation without DataAnnotation.csproj", "{8758FBCD-90F3-4B91-8B2C-AAA19CC0CE53}"
EndProject
Global
	GlobalSection(SolutionConfigurationPlatforms) = preSolution
		Debug|Any CPU = Debug|Any CPU
		Release|Any CPU = Release|Any CPU
	EndGlobalSection
	GlobalSection(ProjectConfigurationPlatforms) = postSolution
		{8758FBCD-90F3-4B91-8B2C-AAA19CC0CE53}.Debug|Any CPU.ActiveCfg = Debug|Any CPU
		{8758FBCD-90F3-4B91-8B2C-AAA19CC0CE53}.Debug|Any CPU.Build.0 = Debug|Any CPU
		{8758FBCD-90F3-4B91-8B2C-AAA19CC0CE53}.Release|Any CPU.ActiveCfg = Release|Any CPU
		{8758FBCD-90F3-4B91-8B2C-AAA19CC0CE53}.Release|Any CPU.Build.0 = Release|Any CPU
	EndGlobalSection
	GlobalSection(SolutionProperties) = preSolution
		HideSolutionNode = FALSE
	EndGlobalSection
	GlobalSection(ExtensibilityGlobals) = postSolution
		SolutionGuid = {F4A4E7AF-058C-4AB7-8F15-638B64947269}
	EndGlobalSection
EndGlobal
