
Microsoft Visual Studio Solution File, Format Version 12.00
# Visual Studio Version 17
VisualStudioVersion = 17.4.33213.308
MinimumVisualStudioVersion = 10.0.40219.1
Project("{9A19103F-16F7-4668-BE54-9A1E7A4F7556}") = "BlazorApp1", "Blazor WebAssembly App\BlazorApp1.csproj", "{ED2BD8FC-417F-4C6B-8700-E6A056F555F3}"
EndProject
Global
	GlobalSection(SolutionConfigurationPlatforms) = preSolution
		Debug|Any CPU = Debug|Any CPU
		Release|Any CPU = Release|Any CPU
	EndGlobalSection
	GlobalSection(ProjectConfigurationPlatforms) = postSolution
		{ED2BD8FC-417F-4C6B-8700-E6A056F555F3}.Debug|Any CPU.ActiveCfg = Debug|Any CPU
		{ED2BD8FC-417F-4C6B-8700-E6A056F555F3}.Debug|Any CPU.Build.0 = Debug|Any CPU
		{ED2BD8FC-417F-4C6B-8700-E6A056F555F3}.Release|Any CPU.ActiveCfg = Release|Any CPU
		{ED2BD8FC-417F-4C6B-8700-E6A056F555F3}.Release|Any CPU.Build.0 = Release|Any CPU
	EndGlobalSection
	GlobalSection(SolutionProperties) = preSolution
		HideSolutionNode = FALSE
	EndGlobalSection
	GlobalSection(ExtensibilityGlobals) = postSolution
		SolutionGuid = {7D19A1CD-F660-4832-981C-7302E3F4AC41}
	EndGlobalSection
EndGlobal
