
Microsoft Visual Studio Solution File, Format Version 12.00
# Visual Studio Version 17
VisualStudioVersion = 17.4.33213.308
MinimumVisualStudioVersion = 10.0.40219.1
Project("{9A19103F-16F7-4668-BE54-9A1E7A4F7556}") = "BlazorApp1", "BlazorApp1.csproj", "{2688A26C-728F-4A80-A784-F0B8DC822D57}"
EndProject
Global
	GlobalSection(SolutionConfigurationPlatforms) = preSolution
		Debug|Any CPU = Debug|Any CPU
		Release|Any CPU = Release|Any CPU
	EndGlobalSection
	GlobalSection(ProjectConfigurationPlatforms) = postSolution
		{2688A26C-728F-4A80-A784-F0B8DC822D57}.Debug|Any CPU.ActiveCfg = Debug|Any CPU
		{2688A26C-728F-4A80-A784-F0B8DC822D57}.Debug|Any CPU.Build.0 = Debug|Any CPU
		{2688A26C-728F-4A80-A784-F0B8DC822D57}.Release|Any CPU.ActiveCfg = Release|Any CPU
		{2688A26C-728F-4A80-A784-F0B8DC822D57}.Release|Any CPU.Build.0 = Release|Any CPU
	EndGlobalSection
	GlobalSection(SolutionProperties) = preSolution
		HideSolutionNode = FALSE
	EndGlobalSection
	GlobalSection(ExtensibilityGlobals) = postSolution
		SolutionGuid = {B27B59E4-E590-4704-91C5-6D1AFE20C31B}
	EndGlobalSection
EndGlobal
