
Microsoft Visual Studio Solution File, Format Version 12.00
# Visual Studio Version 17
VisualStudioVersion = 17.4.33213.308
MinimumVisualStudioVersion = 10.0.40219.1
Project("{FAE04EC0-301F-11D3-BF4B-00C04F79EFBC}") = "Blazor WebAssembly App", "Blazor WebAssembly App\Blazor WebAssembly App.csproj", "{0F782516-4068-48CF-A889-139071BE2931}"
EndProject
Global
	GlobalSection(SolutionConfigurationPlatforms) = preSolution
		Debug|Any CPU = Debug|Any CPU
		Release|Any CPU = Release|Any CPU
	EndGlobalSection
	GlobalSection(ProjectConfigurationPlatforms) = postSolution
		{0F782516-4068-48CF-A889-139071BE2931}.Debug|Any CPU.ActiveCfg = Debug|Any CPU
		{0F782516-4068-48CF-A889-139071BE2931}.Debug|Any CPU.Build.0 = Debug|Any CPU
		{0F782516-4068-48CF-A889-139071BE2931}.Release|Any CPU.ActiveCfg = Release|Any CPU
		{0F782516-4068-48CF-A889-139071BE2931}.Release|Any CPU.Build.0 = Release|Any CPU
	EndGlobalSection
	GlobalSection(SolutionProperties) = preSolution
		HideSolutionNode = FALSE
	EndGlobalSection
	GlobalSection(ExtensibilityGlobals) = postSolution
		SolutionGuid = {A1C3A9F0-8A17-4F96-8F84-A7913DE5A7C5}
	EndGlobalSection
EndGlobal
