
Microsoft Visual Studio Solution File, Format Version 12.00
# Visual Studio Version 17
VisualStudioVersion = 17.4.33213.308
MinimumVisualStudioVersion = 10.0.40219.1
Project("{FAE04EC0-301F-11D3-BF4B-00C04F79EFBC}") = "BlazorHosted.Server", "BlazorHosted\Server\BlazorHosted.Server.csproj", "{D3F98755-6C56-42E7-B461-903BA7D5FB1E}"
EndProject
Project("{FAE04EC0-301F-11D3-BF4B-00C04F79EFBC}") = "BlazorHosted.Client", "BlazorHosted\Client\BlazorHosted.Client.csproj", "{417483DF-4D67-44A3-809B-9C36DF422017}"
EndProject
Project("{FAE04EC0-301F-11D3-BF4B-00C04F79EFBC}") = "BlazorHosted.Shared", "BlazorHosted\Shared\BlazorHosted.Shared.csproj", "{B68DED12-24C5-4D55-9922-F4403D66C27F}"
EndProject
Global
	GlobalSection(SolutionConfigurationPlatforms) = preSolution
		Debug|Any CPU = Debug|Any CPU
		Release|Any CPU = Release|Any CPU
	EndGlobalSection
	GlobalSection(ProjectConfigurationPlatforms) = postSolution
		{D3F98755-6C56-42E7-B461-903BA7D5FB1E}.Debug|Any CPU.ActiveCfg = Debug|Any CPU
		{D3F98755-6C56-42E7-B461-903BA7D5FB1E}.Debug|Any CPU.Build.0 = Debug|Any CPU
		{D3F98755-6C56-42E7-B461-903BA7D5FB1E}.Release|Any CPU.ActiveCfg = Release|Any CPU
		{D3F98755-6C56-42E7-B461-903BA7D5FB1E}.Release|Any CPU.Build.0 = Release|Any CPU
		{417483DF-4D67-44A3-809B-9C36DF422017}.Debug|Any CPU.ActiveCfg = Debug|Any CPU
		{417483DF-4D67-44A3-809B-9C36DF422017}.Debug|Any CPU.Build.0 = Debug|Any CPU
		{417483DF-4D67-44A3-809B-9C36DF422017}.Release|Any CPU.ActiveCfg = Release|Any CPU
		{417483DF-4D67-44A3-809B-9C36DF422017}.Release|Any CPU.Build.0 = Release|Any CPU
		{B68DED12-24C5-4D55-9922-F4403D66C27F}.Debug|Any CPU.ActiveCfg = Debug|Any CPU
		{B68DED12-24C5-4D55-9922-F4403D66C27F}.Debug|Any CPU.Build.0 = Debug|Any CPU
		{B68DED12-24C5-4D55-9922-F4403D66C27F}.Release|Any CPU.ActiveCfg = Release|Any CPU
		{B68DED12-24C5-4D55-9922-F4403D66C27F}.Release|Any CPU.Build.0 = Release|Any CPU
	EndGlobalSection
	GlobalSection(SolutionProperties) = preSolution
		HideSolutionNode = FALSE
	EndGlobalSection
	GlobalSection(ExtensibilityGlobals) = postSolution
		SolutionGuid = {17070E55-9736-430D-ABA9-356564CABC85}
	EndGlobalSection
EndGlobal
