
Microsoft Visual Studio Solution File, Format Version 12.00
# Visual Studio Version 17
VisualStudioVersion = 17.4.33213.308
MinimumVisualStudioVersion = 10.0.40219.1
Project("{9A19103F-16F7-4668-BE54-9A1E7A4F7556}") = "BlazorHosted.Client", "Client\BlazorHosted.Client.csproj", "{81608650-6C4D-4176-A243-0E5679415E6A}"
EndProject
Project("{9A19103F-16F7-4668-BE54-9A1E7A4F7556}") = "BlazorHosted.Server", "Server\BlazorHosted.Server.csproj", "{1D00EAC1-B360-4262-B684-2148EF4048E2}"
EndProject
Project("{9A19103F-16F7-4668-BE54-9A1E7A4F7556}") = "BlazorHosted.Shared", "Shared\BlazorHosted.Shared.csproj", "{174808D4-3ECE-456C-BA1C-1ABCD830276E}"
EndProject
Global
	GlobalSection(SolutionConfigurationPlatforms) = preSolution
		Debug|Any CPU = Debug|Any CPU
		Release|Any CPU = Release|Any CPU
	EndGlobalSection
	GlobalSection(ProjectConfigurationPlatforms) = postSolution
		{81608650-6C4D-4176-A243-0E5679415E6A}.Debug|Any CPU.ActiveCfg = Debug|Any CPU
		{81608650-6C4D-4176-A243-0E5679415E6A}.Debug|Any CPU.Build.0 = Debug|Any CPU
		{81608650-6C4D-4176-A243-0E5679415E6A}.Release|Any CPU.ActiveCfg = Release|Any CPU
		{81608650-6C4D-4176-A243-0E5679415E6A}.Release|Any CPU.Build.0 = Release|Any CPU
		{1D00EAC1-B360-4262-B684-2148EF4048E2}.Debug|Any CPU.ActiveCfg = Debug|Any CPU
		{1D00EAC1-B360-4262-B684-2148EF4048E2}.Debug|Any CPU.Build.0 = Debug|Any CPU
		{1D00EAC1-B360-4262-B684-2148EF4048E2}.Release|Any CPU.ActiveCfg = Release|Any CPU
		{1D00EAC1-B360-4262-B684-2148EF4048E2}.Release|Any CPU.Build.0 = Release|Any CPU
		{174808D4-3ECE-456C-BA1C-1ABCD830276E}.Debug|Any CPU.ActiveCfg = Debug|Any CPU
		{174808D4-3ECE-456C-BA1C-1ABCD830276E}.Debug|Any CPU.Build.0 = Debug|Any CPU
		{174808D4-3ECE-456C-BA1C-1ABCD830276E}.Release|Any CPU.ActiveCfg = Release|Any CPU
		{174808D4-3ECE-456C-BA1C-1ABCD830276E}.Release|Any CPU.Build.0 = Release|Any CPU
	EndGlobalSection
	GlobalSection(SolutionProperties) = preSolution
		HideSolutionNode = FALSE
	EndGlobalSection
	GlobalSection(ExtensibilityGlobals) = postSolution
		SolutionGuid = {17070E55-9736-430D-ABA9-356564CABC85}
	EndGlobalSection
EndGlobal
