
Microsoft Visual Studio Solution File, Format Version 12.00
# Visual Studio Version 17
VisualStudioVersion = 17.4.33213.308
MinimumVisualStudioVersion = 10.0.40219.1
Project("{FAE04EC0-301F-11D3-BF4B-00C04F79EFBC}") = "BlazorServerApp", "BlazorServerApp\BlazorServerApp.csproj", "{44C2F684-35F8-4924-8261-23BB623FB1EE}"
EndProject
Global
	GlobalSection(SolutionConfigurationPlatforms) = preSolution
		Debug|Any CPU = Debug|Any CPU
		Release|Any CPU = Release|Any CPU
	EndGlobalSection
	GlobalSection(ProjectConfigurationPlatforms) = postSolution
		{44C2F684-35F8-4924-8261-23BB623FB1EE}.Debug|Any CPU.ActiveCfg = Debug|Any CPU
		{44C2F684-35F8-4924-8261-23BB623FB1EE}.Debug|Any CPU.Build.0 = Debug|Any CPU
		{44C2F684-35F8-4924-8261-23BB623FB1EE}.Release|Any CPU.ActiveCfg = Release|Any CPU
		{44C2F684-35F8-4924-8261-23BB623FB1EE}.Release|Any CPU.Build.0 = Release|Any CPU
	EndGlobalSection
	GlobalSection(SolutionProperties) = preSolution
		HideSolutionNode = FALSE
	EndGlobalSection
	GlobalSection(ExtensibilityGlobals) = postSolution
		SolutionGuid = {5F644095-EC14-4778-93D3-4DCE2C11BAFB}
	EndGlobalSection
EndGlobal
