
Microsoft Visual Studio Solution File, Format Version 12.00
# Visual Studio Version 17
VisualStudioVersion = 17.4.33213.308
MinimumVisualStudioVersion = 10.0.40219.1
Project("{9A19103F-16F7-4668-BE54-9A1E7A4F7556}") = "BlazorApp", "BlazorApp.csproj", "{12E2E75B-8BE7-40F2-B43B-2C9492E5ED87}"
EndProject
Global
	GlobalSection(SolutionConfigurationPlatforms) = preSolution
		Debug|Any CPU = Debug|Any CPU
		Release|Any CPU = Release|Any CPU
	EndGlobalSection
	GlobalSection(ProjectConfigurationPlatforms) = postSolution
		{12E2E75B-8BE7-40F2-B43B-2C9492E5ED87}.Debug|Any CPU.ActiveCfg = Debug|Any CPU
		{12E2E75B-8BE7-40F2-B43B-2C9492E5ED87}.Debug|Any CPU.Build.0 = Debug|Any CPU
		{12E2E75B-8BE7-40F2-B43B-2C9492E5ED87}.Release|Any CPU.ActiveCfg = Release|Any CPU
		{12E2E75B-8BE7-40F2-B43B-2C9492E5ED87}.Release|Any CPU.Build.0 = Release|Any CPU
	EndGlobalSection
	GlobalSection(SolutionProperties) = preSolution
		HideSolutionNode = FALSE
	EndGlobalSection
	GlobalSection(ExtensibilityGlobals) = postSolution
		SolutionGuid = {3CFC21C7-6CA7-42DE-9237-00820483A4D6}
	EndGlobalSection
EndGlobal
