
Microsoft Visual Studio Solution File, Format Version 12.00
# Visual Studio Version 17
VisualStudioVersion = 17.4.33213.308
MinimumVisualStudioVersion = 10.0.40219.1
Project("{9A19103F-16F7-4668-BE54-9A1E7A4F7556}") = "Blazor Server App", "Blazor Server App.csproj", "{DE897FE0-7174-4A54-B710-1BDC6B5E29BD}"
EndProject
Global
	GlobalSection(SolutionConfigurationPlatforms) = preSolution
		Debug|Any CPU = Debug|Any CPU
		Release|Any CPU = Release|Any CPU
	EndGlobalSection
	GlobalSection(ProjectConfigurationPlatforms) = postSolution
		{DE897FE0-7174-4A54-B710-1BDC6B5E29BD}.Debug|Any CPU.ActiveCfg = Debug|Any CPU
		{DE897FE0-7174-4A54-B710-1BDC6B5E29BD}.Debug|Any CPU.Build.0 = Debug|Any CPU
		{DE897FE0-7174-4A54-B710-1BDC6B5E29BD}.Release|Any CPU.ActiveCfg = Release|Any CPU
		{DE897FE0-7174-4A54-B710-1BDC6B5E29BD}.Release|Any CPU.Build.0 = Release|Any CPU
	EndGlobalSection
	GlobalSection(SolutionProperties) = preSolution
		HideSolutionNode = FALSE
	EndGlobalSection
	GlobalSection(ExtensibilityGlobals) = postSolution
		SolutionGuid = {C6E99A26-5E00-4B5E-8407-8DCD3C24141B}
	EndGlobalSection
EndGlobal
