
Microsoft Visual Studio Solution File, Format Version 12.00
# Visual Studio Version 17
VisualStudioVersion = 17.4.33213.308
MinimumVisualStudioVersion = 10.0.40219.1
Project("{9A19103F-16F7-4668-BE54-9A1E7A4F7556}") = "BlazorServerApp", "BlazorServerApp.csproj", "{7ED4E9C3-B060-4CA2-9F2E-3FE1FCB1A832}"
EndProject
Global
	GlobalSection(SolutionConfigurationPlatforms) = preSolution
		Debug|Any CPU = Debug|Any CPU
		Release|Any CPU = Release|Any CPU
	EndGlobalSection
	GlobalSection(ProjectConfigurationPlatforms) = postSolution
		{7ED4E9C3-B060-4CA2-9F2E-3FE1FCB1A832}.Debug|Any CPU.ActiveCfg = Debug|Any CPU
		{7ED4E9C3-B060-4CA2-9F2E-3FE1FCB1A832}.Debug|Any CPU.Build.0 = Debug|Any CPU
		{7ED4E9C3-B060-4CA2-9F2E-3FE1FCB1A832}.Release|Any CPU.ActiveCfg = Release|Any CPU
		{7ED4E9C3-B060-4CA2-9F2E-3FE1FCB1A832}.Release|Any CPU.Build.0 = Release|Any CPU
	EndGlobalSection
	GlobalSection(SolutionProperties) = preSolution
		HideSolutionNode = FALSE
	EndGlobalSection
	GlobalSection(ExtensibilityGlobals) = postSolution
		SolutionGuid = {6EC6E67E-9E16-41C2-A9FD-7A820572FBC9}
	EndGlobalSection
EndGlobal
